// !$*UTF8*$!
{
	archiveVersion = 1;
	classes = {
	};
	objectVersion = 48;
	objects = {

/* Begin PBXBuildFile section */
		50192B34283328DFCF389D2C /* Pods_LocationDemo.framework in Frameworks */ = {isa = PBXBuildFile; fileRef = 7D5974BB7D16078C52B7F403 /* Pods_LocationDemo.framework */; };
		791D5E6F20411AD600E5B9A9 /* ItemsTableViewCell.swift in Sources */ = {isa = PBXBuildFile; fileRef = 791D5E6D20411AD600E5B9A9 /* ItemsTableViewCell.swift */; };
		791D5E7020411AD600E5B9A9 /* ItemsTableViewCell.xib in Resources */ = {isa = PBXBuildFile; fileRef = 791D5E6E20411AD600E5B9A9 /* ItemsTableViewCell.xib */; };
		791D5E72204120A200E5B9A9 /* BeaconViewController.swift in Sources */ = {isa = PBXBuildFile; fileRef = 791D5E71204120A200E5B9A9 /* BeaconViewController.swift */; };
		791D5E782041C4C400E5B9A9 /* DemoItems.swift in Sources */ = {isa = PBXBuildFile; fileRef = 791D5E772041C4C400E5B9A9 /* DemoItems.swift */; };
		79DE63FD20423DF200D7A3EF /* GoogleService-Info.plist in Resources */ = {isa = PBXBuildFile; fileRef = 79DE63FC20423DF200D7A3EF /* GoogleService-Info.plist */; };
		79DE64012042409D00D7A3EF /* FirebaseReference.swift in Sources */ = {isa = PBXBuildFile; fileRef = 79DE64002042409D00D7A3EF /* FirebaseReference.swift */; };
		79DE64232043DF5600D7A3EF /* SignificantChangeViewController.swift in Sources */ = {isa = PBXBuildFile; fileRef = 79DE64222043DF5600D7A3EF /* SignificantChangeViewController.swift */; };
		79DE64282043E22C00D7A3EF /* SignificantChangeTableViewCell.swift in Sources */ = {isa = PBXBuildFile; fileRef = 79DE64262043E22C00D7A3EF /* SignificantChangeTableViewCell.swift */; };
		79DE64292043E22C00D7A3EF /* SignificantChangeTableViewCell.xib in Resources */ = {isa = PBXBuildFile; fileRef = 79DE64272043E22C00D7A3EF /* SignificantChangeTableViewCell.xib */; };
		79DE64302043F2DF00D7A3EF /* LocationsDataProviders.swift in Sources */ = {isa = PBXBuildFile; fileRef = 79DE642F2043F2DF00D7A3EF /* LocationsDataProviders.swift */; };
		79F0B300203EAE350070E7AD /* AppDelegate.swift in Sources */ = {isa = PBXBuildFile; fileRef = 79F0B2FF203EAE350070E7AD /* AppDelegate.swift */; };
		79F0B302203EAE350070E7AD /* LocationViewController.swift in Sources */ = {isa = PBXBuildFile; fileRef = 79F0B301203EAE350070E7AD /* LocationViewController.swift */; };
		79F0B305203EAE350070E7AD /* Main.storyboard in Resources */ = {isa = PBXBuildFile; fileRef = 79F0B303203EAE350070E7AD /* Main.storyboard */; };
		79F0B307203EAE350070E7AD /* Assets.xcassets in Resources */ = {isa = PBXBuildFile; fileRef = 79F0B306203EAE350070E7AD /* Assets.xcassets */; };
		79F0B30A203EAE350070E7AD /* LaunchScreen.storyboard in Resources */ = {isa = PBXBuildFile; fileRef = 79F0B308203EAE350070E7AD /* LaunchScreen.storyboard */; };
/* End PBXBuildFile section */

/* Begin PBXFileReference section */
		3438686E76587DDF388AF934 /* Pods-LocationDemo.debug.xcconfig */ = {isa = PBXFileReference; includeInIndex = 1; lastKnownFileType = text.xcconfig; name = "Pods-LocationDemo.debug.xcconfig"; path = "Pods/Target Support Files/Pods-LocationDemo/Pods-LocationDemo.debug.xcconfig"; sourceTree = "<group>"; };
		791D5E6D20411AD600E5B9A9 /* ItemsTableViewCell.swift */ = {isa = PBXFileReference; lastKnownFileType = sourcecode.swift; path = ItemsTableViewCell.swift; sourceTree = "<group>"; };
		791D5E6E20411AD600E5B9A9 /* ItemsTableViewCell.xib */ = {isa = PBXFileReference; lastKnownFileType = file.xib; path = ItemsTableViewCell.xib; sourceTree = "<group>"; };
		791D5E71204120A200E5B9A9 /* BeaconViewController.swift */ = {isa = PBXFileReference; lastKnownFileType = sourcecode.swift; path = BeaconViewController.swift; sourceTree = "<group>"; };
		791D5E772041C4C400E5B9A9 /* DemoItems.swift */ = {isa = PBXFileReference; lastKnownFileType = sourcecode.swift; path = DemoItems.swift; sourceTree = "<group>"; };
		79DE63FC20423DF200D7A3EF /* GoogleService-Info.plist */ = {isa = PBXFileReference; fileEncoding = 4; lastKnownFileType = text.plist.xml; path = "GoogleService-Info.plist"; sourceTree = "<group>"; };
		79DE64002042409D00D7A3EF /* FirebaseReference.swift */ = {isa = PBXFileReference; lastKnownFileType = sourcecode.swift; path = FirebaseReference.swift; sourceTree = "<group>"; };
		79DE64222043DF5600D7A3EF /* SignificantChangeViewController.swift */ = {isa = PBXFileReference; lastKnownFileType = sourcecode.swift; path = SignificantChangeViewController.swift; sourceTree = "<group>"; };
		79DE64262043E22C00D7A3EF /* SignificantChangeTableViewCell.swift */ = {isa = PBXFileReference; lastKnownFileType = sourcecode.swift; path = SignificantChangeTableViewCell.swift; sourceTree = "<group>"; };
		79DE64272043E22C00D7A3EF /* SignificantChangeTableViewCell.xib */ = {isa = PBXFileReference; lastKnownFileType = file.xib; path = SignificantChangeTableViewCell.xib; sourceTree = "<group>"; };
		79DE642F2043F2DF00D7A3EF /* LocationsDataProviders.swift */ = {isa = PBXFileReference; lastKnownFileType = sourcecode.swift; path = LocationsDataProviders.swift; sourceTree = "<group>"; };
		79F0B2FC203EAE350070E7AD /* LocationDemo.app */ = {isa = PBXFileReference; explicitFileType = wrapper.application; includeInIndex = 0; path = LocationDemo.app; sourceTree = BUILT_PRODUCTS_DIR; };
		79F0B2FF203EAE350070E7AD /* AppDelegate.swift */ = {isa = PBXFileReference; lastKnownFileType = sourcecode.swift; path = AppDelegate.swift; sourceTree = "<group>"; };
		79F0B301203EAE350070E7AD /* LocationViewController.swift */ = {isa = PBXFileReference; lastKnownFileType = sourcecode.swift; path = LocationViewController.swift; sourceTree = "<group>"; };
		79F0B304203EAE350070E7AD /* Base */ = {isa = PBXFileReference; lastKnownFileType = file.storyboard; name = Base; path = Base.lproj/Main.storyboard; sourceTree = "<group>"; };
		79F0B306203EAE350070E7AD /* Assets.xcassets */ = {isa = PBXFileReference; lastKnownFileType = folder.assetcatalog; path = Assets.xcassets; sourceTree = "<group>"; };
		79F0B309203EAE350070E7AD /* Base */ = {isa = PBXFileReference; lastKnownFileType = file.storyboard; name = Base; path = Base.lproj/LaunchScreen.storyboard; sourceTree = "<group>"; };
		79F0B30B203EAE350070E7AD /* Info.plist */ = {isa = PBXFileReference; lastKnownFileType = text.plist.xml; path = Info.plist; sourceTree = "<group>"; };
		7D5974BB7D16078C52B7F403 /* Pods_LocationDemo.framework */ = {isa = PBXFileReference; explicitFileType = wrapper.framework; includeInIndex = 0; path = Pods_LocationDemo.framework; sourceTree = BUILT_PRODUCTS_DIR; };
		8D3F7D2FEB0ADB5F67043124 /* Pods-LocationDemo.release.xcconfig */ = {isa = PBXFileReference; includeInIndex = 1; lastKnownFileType = text.xcconfig; name = "Pods-LocationDemo.release.xcconfig"; path = "Pods/Target Support Files/Pods-LocationDemo/Pods-LocationDemo.release.xcconfig"; sourceTree = "<group>"; };
/* End PBXFileReference section */

/* Begin PBXFrameworksBuildPhase section */
		79F0B2F9203EAE350070E7AD /* Frameworks */ = {
			isa = PBXFrameworksBuildPhase;
			buildActionMask = 2147483647;
			files = (
				50192B34283328DFCF389D2C /* Pods_LocationDemo.framework in Frameworks */,
			);
			runOnlyForDeploymentPostprocessing = 0;
		};
/* End PBXFrameworksBuildPhase section */

/* Begin PBXGroup section */
		79DE63FE2042405B00D7A3EF /* UI-TableView */ = {
			isa = PBXGroup;
			children = (
				791D5E6D20411AD600E5B9A9 /* ItemsTableViewCell.swift */,
				791D5E6E20411AD600E5B9A9 /* ItemsTableViewCell.xib */,
				79DE64262043E22C00D7A3EF /* SignificantChangeTableViewCell.swift */,
				79DE64272043E22C00D7A3EF /* SignificantChangeTableViewCell.xib */,
			);
			path = "UI-TableView";
			sourceTree = "<group>";
		};
		79DE63FF2042407200D7A3EF /* ViewControllers */ = {
			isa = PBXGroup;
			children = (
				79F0B301203EAE350070E7AD /* LocationViewController.swift */,
				791D5E71204120A200E5B9A9 /* BeaconViewController.swift */,
				79DE64222043DF5600D7A3EF /* SignificantChangeViewController.swift */,
			);
			path = ViewControllers;
			sourceTree = "<group>";
		};
		79DE6402204240A500D7A3EF /* Constants */ = {
			isa = PBXGroup;
			children = (
				791D5E772041C4C400E5B9A9 /* DemoItems.swift */,
				79DE64002042409D00D7A3EF /* FirebaseReference.swift */,
			);
			path = Constants;
			sourceTree = "<group>";
		};
		79F0B2F3203EAE350070E7AD = {
			isa = PBXGroup;
			children = (
				79F0B2FE203EAE350070E7AD /* LocationDemo */,
				79F0B2FD203EAE350070E7AD /* Products */,
				8A449D7BC4F136C1805BD46A /* Pods */,
				CA9A1AE6631198568154A7E1 /* Frameworks */,
			);
			sourceTree = "<group>";
		};
		79F0B2FD203EAE350070E7AD /* Products */ = {
			isa = PBXGroup;
			children = (
				79F0B2FC203EAE350070E7AD /* LocationDemo.app */,
			);
			name = Products;
			sourceTree = "<group>";
		};
		79F0B2FE203EAE350070E7AD /* LocationDemo */ = {
			isa = PBXGroup;
			children = (
				79DE63FF2042407200D7A3EF /* ViewControllers */,
				79F0B311203EAE4F0070E7AD /* Supported Files */,
				79F0B303203EAE350070E7AD /* Main.storyboard */,
				79F0B30B203EAE350070E7AD /* Info.plist */,
				79DE63FC20423DF200D7A3EF /* GoogleService-Info.plist */,
				79DE63FE2042405B00D7A3EF /* UI-TableView */,
				79DE6402204240A500D7A3EF /* Constants */,
				79DE642F2043F2DF00D7A3EF /* LocationsDataProviders.swift */,
			);
			path = LocationDemo;
			sourceTree = "<group>";
		};
		79F0B311203EAE4F0070E7AD /* Supported Files */ = {
			isa = PBXGroup;
			children = (
				79F0B2FF203EAE350070E7AD /* AppDelegate.swift */,
				79F0B306203EAE350070E7AD /* Assets.xcassets */,
				79F0B308203EAE350070E7AD /* LaunchScreen.storyboard */,
			);
			path = "Supported Files";
			sourceTree = "<group>";
		};
		8A449D7BC4F136C1805BD46A /* Pods */ = {
			isa = PBXGroup;
			children = (
				3438686E76587DDF388AF934 /* Pods-LocationDemo.debug.xcconfig */,
				8D3F7D2FEB0ADB5F67043124 /* Pods-LocationDemo.release.xcconfig */,
			);
			name = Pods;
			sourceTree = "<group>";
		};
		CA9A1AE6631198568154A7E1 /* Frameworks */ = {
			isa = PBXGroup;
			children = (
				7D5974BB7D16078C52B7F403 /* Pods_LocationDemo.framework */,
			);
			name = Frameworks;
			sourceTree = "<group>";
		};
/* End PBXGroup section */

/* Begin PBXNativeTarget section */
		79F0B2FB203EAE350070E7AD /* LocationDemo */ = {
			isa = PBXNativeTarget;
			buildConfigurationList = 79F0B30E203EAE350070E7AD /* Build configuration list for PBXNativeTarget "LocationDemo" */;
			buildPhases = (
				CB86A6CCCDA6C359AAF5B6E1 /* [CP] Check Pods Manifest.lock */,
				79F0B2F8203EAE350070E7AD /* Sources */,
				79F0B2F9203EAE350070E7AD /* Frameworks */,
				79F0B2FA203EAE350070E7AD /* Resources */,
				CF39492913845944AE7580EE /* [CP] Embed Pods Frameworks */,
				879780609EF49493EF83E7C4 /* [CP] Copy Pods Resources */,
				79DE6403204264CD00D7A3EF /* SwiftLint */,
			);
			buildRules = (
			);
			dependencies = (
			);
			name = LocationDemo;
			productName = LocationDemo;
			productReference = 79F0B2FC203EAE350070E7AD /* LocationDemo.app */;
			productType = "com.apple.product-type.application";
		};
/* End PBXNativeTarget section */

/* Begin PBXProject section */
		79F0B2F4203EAE350070E7AD /* Project object */ = {
			isa = PBXProject;
			attributes = {
				LastSwiftUpdateCheck = 0920;
				LastUpgradeCheck = 0920;
				ORGANIZATIONNAME = LostRfounds;
				TargetAttributes = {
					79F0B2FB203EAE350070E7AD = {
						CreatedOnToolsVersion = 9.2;
						ProvisioningStyle = Automatic;
						SystemCapabilities = {
							com.apple.BackgroundModes = {
								enabled = 1;
							};
						};
					};
				};
			};
			buildConfigurationList = 79F0B2F7203EAE350070E7AD /* Build configuration list for PBXProject "LocationDemo" */;
			compatibilityVersion = "Xcode 8.0";
			developmentRegion = en;
			hasScannedForEncodings = 0;
			knownRegions = (
				en,
				Base,
			);
			mainGroup = 79F0B2F3203EAE350070E7AD;
			productRefGroup = 79F0B2FD203EAE350070E7AD /* Products */;
			projectDirPath = "";
			projectRoot = "";
			targets = (
				79F0B2FB203EAE350070E7AD /* LocationDemo */,
			);
		};
/* End PBXProject section */

/* Begin PBXResourcesBuildPhase section */
		79F0B2FA203EAE350070E7AD /* Resources */ = {
			isa = PBXResourcesBuildPhase;
			buildActionMask = 2147483647;
			files = (
				791D5E7020411AD600E5B9A9 /* ItemsTableViewCell.xib in Resources */,
				79DE64292043E22C00D7A3EF /* SignificantChangeTableViewCell.xib in Resources */,
				79F0B30A203EAE350070E7AD /* LaunchScreen.storyboard in Resources */,
				79DE63FD20423DF200D7A3EF /* GoogleService-Info.plist in Resources */,
				79F0B307203EAE350070E7AD /* Assets.xcassets in Resources */,
				79F0B305203EAE350070E7AD /* Main.storyboard in Resources */,
			);
			runOnlyForDeploymentPostprocessing = 0;
		};
/* End PBXResourcesBuildPhase section */

/* Begin PBXShellScriptBuildPhase section */
		79DE6403204264CD00D7A3EF /* SwiftLint */ = {
			isa = PBXShellScriptBuildPhase;
			buildActionMask = 2147483647;
			files = (
			);
			inputPaths = (
			);
			name = SwiftLint;
			outputPaths = (
			);
			runOnlyForDeploymentPostprocessing = 0;
			shellPath = /bin/sh;
			shellScript = "${PODS_ROOT}/SwiftLint/swiftlint\n";
		};
		879780609EF49493EF83E7C4 /* [CP] Copy Pods Resources */ = {
			isa = PBXShellScriptBuildPhase;
			buildActionMask = 2147483647;
			files = (
			);
			inputPaths = (
			);
			name = "[CP] Copy Pods Resources";
			outputPaths = (
			);
			runOnlyForDeploymentPostprocessing = 0;
			shellPath = /bin/sh;
			shellScript = "\"${SRCROOT}/Pods/Target Support Files/Pods-LocationDemo/Pods-LocationDemo-resources.sh\"\n";
			showEnvVarsInLog = 0;
		};
		CB86A6CCCDA6C359AAF5B6E1 /* [CP] Check Pods Manifest.lock */ = {
			isa = PBXShellScriptBuildPhase;
			buildActionMask = 2147483647;
			files = (
			);
			inputPaths = (
				"${PODS_PODFILE_DIR_PATH}/Podfile.lock",
				"${PODS_ROOT}/Manifest.lock",
			);
			name = "[CP] Check Pods Manifest.lock";
			outputPaths = (
				"$(DERIVED_FILE_DIR)/Pods-LocationDemo-checkManifestLockResult.txt",
			);
			runOnlyForDeploymentPostprocessing = 0;
			shellPath = /bin/sh;
			shellScript = "diff \"${PODS_PODFILE_DIR_PATH}/Podfile.lock\" \"${PODS_ROOT}/Manifest.lock\" > /dev/null\nif [ $? != 0 ] ; then\n    # print error to STDERR\n    echo \"error: The sandbox is not in sync with the Podfile.lock. Run 'pod install' or update your CocoaPods installation.\" >&2\n    exit 1\nfi\n# This output is used by Xcode 'outputs' to avoid re-running this script phase.\necho \"SUCCESS\" > \"${SCRIPT_OUTPUT_FILE_0}\"\n";
			showEnvVarsInLog = 0;
		};
		CF39492913845944AE7580EE /* [CP] Embed Pods Frameworks */ = {
			isa = PBXShellScriptBuildPhase;
			buildActionMask = 2147483647;
			files = (
			);
			inputPaths = (
				"${SRCROOT}/Pods/Target Support Files/Pods-LocationDemo/Pods-LocationDemo-frameworks.sh",
				"${BUILT_PRODUCTS_DIR}/GoogleToolboxForMac/GoogleToolboxForMac.framework",
				"${BUILT_PRODUCTS_DIR}/leveldb-library/leveldb.framework",
				"${BUILT_PRODUCTS_DIR}/nanopb/nanopb.framework",
			);
			name = "[CP] Embed Pods Frameworks";
			outputPaths = (
				"${TARGET_BUILD_DIR}/${FRAMEWORKS_FOLDER_PATH}/GoogleToolboxForMac.framework",
				"${TARGET_BUILD_DIR}/${FRAMEWORKS_FOLDER_PATH}/leveldb.framework",
				"${TARGET_BUILD_DIR}/${FRAMEWORKS_FOLDER_PATH}/nanopb.framework",
			);
			runOnlyForDeploymentPostprocessing = 0;
			shellPath = /bin/sh;
			shellScript = "\"${SRCROOT}/Pods/Target Support Files/Pods-LocationDemo/Pods-LocationDemo-frameworks.sh\"\n";
			showEnvVarsInLog = 0;
		};
/* End PBXShellScriptBuildPhase section */

/* Begin PBXSourcesBuildPhase section */
		79F0B2F8203EAE350070E7AD /* Sources */ = {
			isa = PBXSourcesBuildPhase;
			buildActionMask = 2147483647;
			files = (
				791D5E72204120A200E5B9A9 /* BeaconViewController.swift in Sources */,
				791D5E782041C4C400E5B9A9 /* DemoItems.swift in Sources */,
				79DE64232043DF5600D7A3EF /* SignificantChangeViewController.swift in Sources */,
				79DE64302043F2DF00D7A3EF /* LocationsDataProviders.swift in Sources */,
				79F0B302203EAE350070E7AD /* LocationViewController.swift in Sources */,
				79F0B300203EAE350070E7AD /* AppDelegate.swift in Sources */,
				79DE64012042409D00D7A3EF /* FirebaseReference.swift in Sources */,
				791D5E6F20411AD600E5B9A9 /* ItemsTableViewCell.swift in Sources */,
				79DE64282043E22C00D7A3EF /* SignificantChangeTableViewCell.swift in Sources */,
			);
			runOnlyForDeploymentPostprocessing = 0;
		};
/* End PBXSourcesBuildPhase section */

/* Begin PBXVariantGroup section */
		79F0B303203EAE350070E7AD /* Main.storyboard */ = {
			isa = PBXVariantGroup;
			children = (
				79F0B304203EAE350070E7AD /* Base */,
			);
			name = Main.storyboard;
			sourceTree = "<group>";
		};
		79F0B308203EAE350070E7AD /* LaunchScreen.storyboard */ = {
			isa = PBXVariantGroup;
			children = (
				79F0B309203EAE350070E7AD /* Base */,
			);
			name = LaunchScreen.storyboard;
			sourceTree = "<group>";
		};
/* End PBXVariantGroup section */

/* Begin XCBuildConfiguration section */
		79F0B30C203EAE350070E7AD /* Debug */ = {
			isa = XCBuildConfiguration;
			buildSettings = {
				ALWAYS_SEARCH_USER_PATHS = NO;
				CLANG_ANALYZER_NONNULL = YES;
				CLANG_ANALYZER_NUMBER_OBJECT_CONVERSION = YES_AGGRESSIVE;
				CLANG_CXX_LANGUAGE_STANDARD = "gnu++14";
				CLANG_CXX_LIBRARY = "libc++";
				CLANG_ENABLE_MODULES = YES;
				CLANG_ENABLE_OBJC_ARC = YES;
				CLANG_WARN_BLOCK_CAPTURE_AUTORELEASING = YES;
				CLANG_WARN_BOOL_CONVERSION = YES;
				CLANG_WARN_COMMA = YES;
				CLANG_WARN_CONSTANT_CONVERSION = YES;
				CLANG_WARN_DIRECT_OBJC_ISA_USAGE = YES_ERROR;
				CLANG_WARN_DOCUMENTATION_COMMENTS = YES;
				CLANG_WARN_EMPTY_BODY = YES;
				CLANG_WARN_ENUM_CONVERSION = YES;
				CLANG_WARN_INFINITE_RECURSION = YES;
				CLANG_WARN_INT_CONVERSION = YES;
				CLANG_WARN_NON_LITERAL_NULL_CONVERSION = YES;
				CLANG_WARN_OBJC_LITERAL_CONVERSION = YES;
				CLANG_WARN_OBJC_ROOT_CLASS = YES_ERROR;
				CLANG_WARN_RANGE_LOOP_ANALYSIS = YES;
				CLANG_WARN_STRICT_PROTOTYPES = YES;
				CLANG_WARN_SUSPICIOUS_MOVE = YES;
				CLANG_WARN_UNGUARDED_AVAILABILITY = YES_AGGRESSIVE;
				CLANG_WARN_UNREACHABLE_CODE = YES;
				CLANG_WARN__DUPLICATE_METHOD_MATCH = YES;
				CODE_SIGN_IDENTITY = "iPhone Developer";
				COPY_PHASE_STRIP = NO;
				DEBUG_INFORMATION_FORMAT = dwarf;
				ENABLE_STRICT_OBJC_MSGSEND = YES;
				ENABLE_TESTABILITY = YES;
				GCC_C_LANGUAGE_STANDARD = gnu11;
				GCC_DYNAMIC_NO_PIC = NO;
				GCC_NO_COMMON_BLOCKS = YES;
				GCC_OPTIMIZATION_LEVEL = 0;
				GCC_PREPROCESSOR_DEFINITIONS = (
					"DEBUG=1",
					"$(inherited)",
				);
				GCC_WARN_64_TO_32_BIT_CONVERSION = YES;
				GCC_WARN_ABOUT_RETURN_TYPE = YES_ERROR;
				GCC_WARN_UNDECLARED_SELECTOR = YES;
				GCC_WARN_UNINITIALIZED_AUTOS = YES_AGGRESSIVE;
				GCC_WARN_UNUSED_FUNCTION = YES;
				GCC_WARN_UNUSED_VARIABLE = YES;
				IPHONEOS_DEPLOYMENT_TARGET = 11.2;
				MTL_ENABLE_DEBUG_INFO = YES;
				ONLY_ACTIVE_ARCH = YES;
				SDKROOT = iphoneos;
				SWIFT_ACTIVE_COMPILATION_CONDITIONS = DEBUG;
				SWIFT_OPTIMIZATION_LEVEL = "-Onone";
			};
			name = Debug;
		};
		79F0B30D203EAE350070E7AD /* Release */ = {
			isa = XCBuildConfiguration;
			buildSettings = {
				ALWAYS_SEARCH_USER_PATHS = NO;
				CLANG_ANALYZER_NONNULL = YES;
				CLANG_ANALYZER_NUMBER_OBJECT_CONVERSION = YES_AGGRESSIVE;
				CLANG_CXX_LANGUAGE_STANDARD = "gnu++14";
				CLANG_CXX_LIBRARY = "libc++";
				CLANG_ENABLE_MODULES = YES;
				CLANG_ENABLE_OBJC_ARC = YES;
				CLANG_WARN_BLOCK_CAPTURE_AUTORELEASING = YES;
				CLANG_WARN_BOOL_CONVERSION = YES;
				CLANG_WARN_COMMA = YES;
				CLANG_WARN_CONSTANT_CONVERSION = YES;
				CLANG_WARN_DIRECT_OBJC_ISA_USAGE = YES_ERROR;
				CLANG_WARN_DOCUMENTATION_COMMENTS = YES;
				CLANG_WARN_EMPTY_BODY = YES;
				CLANG_WARN_ENUM_CONVERSION = YES;
				CLANG_WARN_INFINITE_RECURSION = YES;
				CLANG_WARN_INT_CONVERSION = YES;
				CLANG_WARN_NON_LITERAL_NULL_CONVERSION = YES;
				CLANG_WARN_OBJC_LITERAL_CONVERSION = YES;
				CLANG_WARN_OBJC_ROOT_CLASS = YES_ERROR;
				CLANG_WARN_RANGE_LOOP_ANALYSIS = YES;
				CLANG_WARN_STRICT_PROTOTYPES = YES;
				CLANG_WARN_SUSPICIOUS_MOVE = YES;
				CLANG_WARN_UNGUARDED_AVAILABILITY = YES_AGGRESSIVE;
				CLANG_WARN_UNREACHABLE_CODE = YES;
				CLANG_WARN__DUPLICATE_METHOD_MATCH = YES;
				CODE_SIGN_IDENTITY = "iPhone Developer";
				COPY_PHASE_STRIP = NO;
				DEBUG_INFORMATION_FORMAT = "dwarf-with-dsym";
				ENABLE_NS_ASSERTIONS = NO;
				ENABLE_STRICT_OBJC_MSGSEND = YES;
				GCC_C_LANGUAGE_STANDARD = gnu11;
				GCC_NO_COMMON_BLOCKS = YES;
				GCC_WARN_64_TO_32_BIT_CONVERSION = YES;
				GCC_WARN_ABOUT_RETURN_TYPE = YES_ERROR;
				GCC_WARN_UNDECLARED_SELECTOR = YES;
				GCC_WARN_UNINITIALIZED_AUTOS = YES_AGGRESSIVE;
				GCC_WARN_UNUSED_FUNCTION = YES;
				GCC_WARN_UNUSED_VARIABLE = YES;
				IPHONEOS_DEPLOYMENT_TARGET = 11.2;
				MTL_ENABLE_DEBUG_INFO = NO;
				SDKROOT = iphoneos;
				SWIFT_OPTIMIZATION_LEVEL = "-Owholemodule";
				VALIDATE_PRODUCT = YES;
			};
			name = Release;
		};
		79F0B30F203EAE350070E7AD /* Debug */ = {
			isa = XCBuildConfiguration;
			baseConfigurationReference = 3438686E76587DDF388AF934 /* Pods-LocationDemo.debug.xcconfig */;
			buildSettings = {
				ASSETCATALOG_COMPILER_APPICON_NAME = AppIcon;
				CODE_SIGN_STYLE = Automatic;
				DEVELOPMENT_TEAM = W8695FX2Q8;
				INFOPLIST_FILE = LocationDemo/Info.plist;
				LD_RUNPATH_SEARCH_PATHS = "$(inherited) @executable_path/Frameworks";
				PRODUCT_BUNDLE_IDENTIFIER = com.LostRfounds.LocationDemo;
				PRODUCT_NAME = "$(TARGET_NAME)";
				SWIFT_VERSION = 4.0;
				TARGETED_DEVICE_FAMILY = "1,2";
			};
			name = Debug;
		};
		79F0B310203EAE350070E7AD /* Release */ = {
			isa = XCBuildConfiguration;
			baseConfigurationReference = 8D3F7D2FEB0ADB5F67043124 /* Pods-LocationDemo.release.xcconfig */;
			buildSettings = {
				ASSETCATALOG_COMPILER_APPICON_NAME = AppIcon;
				CODE_SIGN_STYLE = Automatic;
				DEVELOPMENT_TEAM = W8695FX2Q8;
				INFOPLIST_FILE = LocationDemo/Info.plist;
				LD_RUNPATH_SEARCH_PATHS = "$(inherited) @executable_path/Frameworks";
				PRODUCT_BUNDLE_IDENTIFIER = com.LostRfounds.LocationDemo;
				PRODUCT_NAME = "$(TARGET_NAME)";
				SWIFT_VERSION = 4.0;
				TARGETED_DEVICE_FAMILY = "1,2";
			};
			name = Release;
		};
/* End XCBuildConfiguration section */

/* Begin XCConfigurationList section */
		79F0B2F7203EAE350070E7AD /* Build configuration list for PBXProject "LocationDemo" */ = {
			isa = XCConfigurationList;
			buildConfigurations = (
				79F0B30C203EAE350070E7AD /* Debug */,
				79F0B30D203EAE350070E7AD /* Release */,
			);
			defaultConfigurationIsVisible = 0;
			defaultConfigurationName = Release;
		};
		79F0B30E203EAE350070E7AD /* Build configuration list for PBXNativeTarget "LocationDemo" */ = {
			isa = XCConfigurationList;
			buildConfigurations = (
				79F0B30F203EAE350070E7AD /* Debug */,
				79F0B310203EAE350070E7AD /* Release */,
			);
			defaultConfigurationIsVisible = 0;
			defaultConfigurationName = Release;
		};
/* End XCConfigurationList section */
	};
	rootObject = 79F0B2F4203EAE350070E7AD /* Project object */;
}
